
Microsoft Visual Studio Solution File, Format Version 12.00
# Visual Studio Version 17
VisualStudioVersion = 17.0.31903.59
MinimumVisualStudioVersion = 10.0.40219.1
Project("{FAE04EC0-301F-11D3-BF4B-00C04F79EFBC}") = "CleanArchitecture.Api", "clean-architecture\src\CleanArchitecture.Api\CleanArchitecture.Api.csproj", "{90ED494A-2D40-4B69-B16D-677F48F823A4}"
EndProject
Project("{2150E333-8FDC-42A3-9474-1A3956D46DE8}") = "clean-architecture", "clean-architecture", "{C8ACE22D-F1B7-4574-A206-AA5054456F67}"
	ProjectSection(SolutionItems) = preProject
		clean-architecture\exercises-1.md = clean-architecture\exercises-1.md
		clean-architecture\exercises-2.md = clean-architecture\exercises-2.md
	EndProjectSection
EndProject
Global
	GlobalSection(SolutionConfigurationPlatforms) = preSolution
		Debug|Any CPU = Debug|Any CPU
		Release|Any CPU = Release|Any CPU
	EndGlobalSection
	GlobalSection(SolutionProperties) = preSolution
		HideSolutionNode = FALSE
	EndGlobalSection
	GlobalSection(ProjectConfigurationPlatforms) = postSolution
		{90ED494A-2D40-4B69-B16D-677F48F823A4}.Debug|Any CPU.ActiveCfg = Debug|Any CPU
		{90ED494A-2D40-4B69-B16D-677F48F823A4}.Debug|Any CPU.Build.0 = Debug|Any CPU
		{90ED494A-2D40-4B69-B16D-677F48F823A4}.Release|Any CPU.ActiveCfg = Release|Any CPU
		{90ED494A-2D40-4B69-B16D-677F48F823A4}.Release|Any CPU.Build.0 = Release|Any CPU
	EndGlobalSection
	GlobalSection(NestedProjects) = preSolution
		{90ED494A-2D40-4B69-B16D-677F48F823A4} = {C8ACE22D-F1B7-4574-A206-AA5054456F67}
	EndGlobalSection
EndGlobal
